// !$*UTF8*$!
{
	archiveVersion = 1;
	classes = {
	};
	objectVersion = 50;
	objects = {

/* Begin PBXBuildFile section */
		B8B8EFF724D4365200CEE8ED /* AppDelegate.swift in Sources */ = {isa = PBXBuildFile; fileRef = B8B8EFF624D4365200CEE8ED /* AppDelegate.swift */; };
		B8B8EFF924D4365200CEE8ED /* SceneDelegate.swift in Sources */ = {isa = PBXBuildFile; fileRef = B8B8EFF824D4365200CEE8ED /* SceneDelegate.swift */; };
		B8B8EFFC24D4365200CEE8ED /* TopBar.xcdatamodeld in Sources */ = {isa = PBXBuildFile; fileRef = B8B8EFFA24D4365200CEE8ED /* TopBar.xcdatamodeld */; };
		B8B8EFFE24D4365200CEE8ED /* ContentView.swift in Sources */ = {isa = PBXBuildFile; fileRef = B8B8EFFD24D4365200CEE8ED /* ContentView.swift */; };
		B8B8F00024D4365600CEE8ED /* Assets.xcassets in Resources */ = {isa = PBXBuildFile; fileRef = B8B8EFFF24D4365600CEE8ED /* Assets.xcassets */; };
		B8B8F00324D4365600CEE8ED /* Preview Assets.xcassets in Resources */ = {isa = PBXBuildFile; fileRef = B8B8F00224D4365600CEE8ED /* Preview Assets.xcassets */; };
		B8B8F00624D4365600CEE8ED /* LaunchScreen.storyboard in Resources */ = {isa = PBXBuildFile; fileRef = B8B8F00424D4365600CEE8ED /* LaunchScreen.storyboard */; };
		B8B8F00E24D4530B00CEE8ED /* SwiftUIView1.swift in Sources */ = {isa = PBXBuildFile; fileRef = B8B8F00D24D4530B00CEE8ED /* SwiftUIView1.swift */; };
		B8B8F01024D4531B00CEE8ED /* SwiftUIView2.swift in Sources */ = {isa = PBXBuildFile; fileRef = B8B8F00F24D4531B00CEE8ED /* SwiftUIView2.swift */; };
		B8B8F01224D4532D00CEE8ED /* SwiftUIView3.swift in Sources */ = {isa = PBXBuildFile; fileRef = B8B8F01124D4532D00CEE8ED /* SwiftUIView3.swift */; };
		B8B8F01424D45AE100CEE8ED /* SwiftUIView4.swift in Sources */ = {isa = PBXBuildFile; fileRef = B8B8F01324D45AE100CEE8ED /* SwiftUIView4.swift */; };
		B8B8F01624D4697400CEE8ED /* SwiftUIView5.swift in Sources */ = {isa = PBXBuildFile; fileRef = B8B8F01524D4697400CEE8ED /* SwiftUIView5.swift */; };
/* End PBXBuildFile section */

/* Begin PBXFileReference section */
		B8B8EFF324D4365200CEE8ED /* TopBar.app */ = {isa = PBXFileReference; explicitFileType = wrapper.application; includeInIndex = 0; path = TopBar.app; sourceTree = BUILT_PRODUCTS_DIR; };
		B8B8EFF624D4365200CEE8ED /* AppDelegate.swift */ = {isa = PBXFileReference; lastKnownFileType = sourcecode.swift; path = AppDelegate.swift; sourceTree = "<group>"; };
		B8B8EFF824D4365200CEE8ED /* SceneDelegate.swift */ = {isa = PBXFileReference; lastKnownFileType = sourcecode.swift; path = SceneDelegate.swift; sourceTree = "<group>"; };
		B8B8EFFB24D4365200CEE8ED /* TopBar.xcdatamodel */ = {isa = PBXFileReference; lastKnownFileType = wrapper.xcdatamodel; path = TopBar.xcdatamodel; sourceTree = "<group>"; };
		B8B8EFFD24D4365200CEE8ED /* ContentView.swift */ = {isa = PBXFileReference; lastKnownFileType = sourcecode.swift; path = ContentView.swift; sourceTree = "<group>"; };
		B8B8EFFF24D4365600CEE8ED /* Assets.xcassets */ = {isa = PBXFileReference; lastKnownFileType = folder.assetcatalog; path = Assets.xcassets; sourceTree = "<group>"; };
		B8B8F00224D4365600CEE8ED /* Preview Assets.xcassets */ = {isa = PBXFileReference; lastKnownFileType = folder.assetcatalog; path = "Preview Assets.xcassets"; sourceTree = "<group>"; };
		B8B8F00524D4365600CEE8ED /* Base */ = {isa = PBXFileReference; lastKnownFileType = file.storyboard; name = Base; path = Base.lproj/LaunchScreen.storyboard; sourceTree = "<group>"; };
		B8B8F00724D4365600CEE8ED /* Info.plist */ = {isa = PBXFileReference; lastKnownFileType = text.plist.xml; path = Info.plist; sourceTree = "<group>"; };
		B8B8F00D24D4530B00CEE8ED /* SwiftUIView1.swift */ = {isa = PBXFileReference; lastKnownFileType = sourcecode.swift; path = SwiftUIView1.swift; sourceTree = "<group>"; };
		B8B8F00F24D4531B00CEE8ED /* SwiftUIView2.swift */ = {isa = PBXFileReference; lastKnownFileType = sourcecode.swift; path = SwiftUIView2.swift; sourceTree = "<group>"; };
		B8B8F01124D4532D00CEE8ED /* SwiftUIView3.swift */ = {isa = PBXFileReference; lastKnownFileType = sourcecode.swift; path = SwiftUIView3.swift; sourceTree = "<group>"; };
		B8B8F01324D45AE100CEE8ED /* SwiftUIView4.swift */ = {isa = PBXFileReference; lastKnownFileType = sourcecode.swift; path = SwiftUIView4.swift; sourceTree = "<group>"; };
		B8B8F01524D4697400CEE8ED /* SwiftUIView5.swift */ = {isa = PBXFileReference; lastKnownFileType = sourcecode.swift; path = SwiftUIView5.swift; sourceTree = "<group>"; };
/* End PBXFileReference section */

/* Begin PBXFrameworksBuildPhase section */
		B8B8EFF024D4365200CEE8ED /* Frameworks */ = {
			isa = PBXFrameworksBuildPhase;
			buildActionMask = 2147483647;
			files = (
			);
			runOnlyForDeploymentPostprocessing = 0;
		};
/* End PBXFrameworksBuildPhase section */

/* Begin PBXGroup section */
		B8B8EFEA24D4365200CEE8ED = {
			isa = PBXGroup;
			children = (
				B8B8EFF524D4365200CEE8ED /* TopBar */,
				B8B8EFF424D4365200CEE8ED /* Products */,
			);
			sourceTree = "<group>";
		};
		B8B8EFF424D4365200CEE8ED /* Products */ = {
			isa = PBXGroup;
			children = (
				B8B8EFF324D4365200CEE8ED /* TopBar.app */,
			);
			name = Products;
			sourceTree = "<group>";
		};
		B8B8EFF524D4365200CEE8ED /* TopBar */ = {
			isa = PBXGroup;
			children = (
				B8B8EFF624D4365200CEE8ED /* AppDelegate.swift */,
				B8B8EFF824D4365200CEE8ED /* SceneDelegate.swift */,
				B8B8EFFD24D4365200CEE8ED /* ContentView.swift */,
				B8B8F00D24D4530B00CEE8ED /* SwiftUIView1.swift */,
				B8B8F00F24D4531B00CEE8ED /* SwiftUIView2.swift */,
				B8B8F01124D4532D00CEE8ED /* SwiftUIView3.swift */,
				B8B8F01324D45AE100CEE8ED /* SwiftUIView4.swift */,
				B8B8F01524D4697400CEE8ED /* SwiftUIView5.swift */,
				B8B8EFFF24D4365600CEE8ED /* Assets.xcassets */,
				B8B8F00424D4365600CEE8ED /* LaunchScreen.storyboard */,
				B8B8F00724D4365600CEE8ED /* Info.plist */,
				B8B8EFFA24D4365200CEE8ED /* TopBar.xcdatamodeld */,
				B8B8F00124D4365600CEE8ED /* Preview Content */,
			);
			path = TopBar;
			sourceTree = "<group>";
		};
		B8B8F00124D4365600CEE8ED /* Preview Content */ = {
			isa = PBXGroup;
			children = (
				B8B8F00224D4365600CEE8ED /* Preview Assets.xcassets */,
			);
			path = "Preview Content";
			sourceTree = "<group>";
		};
/* End PBXGroup section */

/* Begin PBXNativeTarget section */
		B8B8EFF224D4365200CEE8ED /* TopBar */ = {
			isa = PBXNativeTarget;
			buildConfigurationList = B8B8F00A24D4365600CEE8ED /* Build configuration list for PBXNativeTarget "TopBar" */;
			buildPhases = (
				B8B8EFEF24D4365200CEE8ED /* Sources */,
				B8B8EFF024D4365200CEE8ED /* Frameworks */,
				B8B8EFF124D4365200CEE8ED /* Resources */,
			);
			buildRules = (
			);
			dependencies = (
			);
			name = TopBar;
			productName = TopBar;
			productReference = B8B8EFF324D4365200CEE8ED /* TopBar.app */;
			productType = "com.apple.product-type.application";
		};
/* End PBXNativeTarget section */

/* Begin PBXProject section */
		B8B8EFEB24D4365200CEE8ED /* Project object */ = {
			isa = PBXProject;
			attributes = {
				LastSwiftUpdateCheck = 1160;
				LastUpgradeCheck = 1160;
				ORGANIZATIONNAME = abdullah;
				TargetAttributes = {
					B8B8EFF224D4365200CEE8ED = {
						CreatedOnToolsVersion = 11.6;
					};
				};
			};
			buildConfigurationList = B8B8EFEE24D4365200CEE8ED /* Build configuration list for PBXProject "TopBar" */;
			compatibilityVersion = "Xcode 9.3";
			developmentRegion = en;
			hasScannedForEncodings = 0;
			knownRegions = (
				en,
				Base,
			);
			mainGroup = B8B8EFEA24D4365200CEE8ED;
			productRefGroup = B8B8EFF424D4365200CEE8ED /* Products */;
			projectDirPath = "";
			projectRoot = "";
			targets = (
				B8B8EFF224D4365200CEE8ED /* TopBar */,
			);
		};
/* End PBXProject section */

/* Begin PBXResourcesBuildPhase section */
		B8B8EFF124D4365200CEE8ED /* Resources */ = {
			isa = PBXResourcesBuildPhase;
			buildActionMask = 2147483647;
			files = (
				B8B8F00624D4365600CEE8ED /* LaunchScreen.storyboard in Resources */,
				B8B8F00324D4365600CEE8ED /* Preview Assets.xcassets in Resources */,
				B8B8F00024D4365600CEE8ED /* Assets.xcassets in Resources */,
			);
			runOnlyForDeploymentPostprocessing = 0;
		};
/* End PBXResourcesBuildPhase section */

/* Begin PBXSourcesBuildPhase section */
		B8B8EFEF24D4365200CEE8ED /* Sources */ = {
			isa = PBXSourcesBuildPhase;
			buildActionMask = 2147483647;
			files = (
				B8B8EFF724D4365200CEE8ED /* AppDelegate.swift in Sources */,
				B8B8EFF924D4365200CEE8ED /* SceneDelegate.swift in Sources */,
				B8B8F01224D4532D00CEE8ED /* SwiftUIView3.swift in Sources */,
				B8B8F00E24D4530B00CEE8ED /* SwiftUIView1.swift in Sources */,
				B8B8EFFE24D4365200CEE8ED /* ContentView.swift in Sources */,
				B8B8EFFC24D4365200CEE8ED /* TopBar.xcdatamodeld in Sources */,
				B8B8F01024D4531B00CEE8ED /* SwiftUIView2.swift in Sources */,
				B8B8F01424D45AE100CEE8ED /* SwiftUIView4.swift in Sources */,
				B8B8F01624D4697400CEE8ED /* SwiftUIView5.swift in Sources */,
			);
			runOnlyForDeploymentPostprocessing = 0;
		};
/* End PBXSourcesBuildPhase section */

/* Begin PBXVariantGroup section */
		B8B8F00424D4365600CEE8ED /* LaunchScreen.storyboard */ = {
			isa = PBXVariantGroup;
			children = (
				B8B8F00524D4365600CEE8ED /* Base */,
			);
			name = LaunchScreen.storyboard;
			sourceTree = "<group>";
		};
/* End PBXVariantGroup section */

/* Begin XCBuildConfiguration section */
		B8B8F00824D4365600CEE8ED /* Debug */ = {
			isa = XCBuildConfiguration;
			buildSettings = {
				ALWAYS_SEARCH_USER_PATHS = NO;
				CLANG_ANALYZER_NONNULL = YES;
				CLANG_ANALYZER_NUMBER_OBJECT_CONVERSION = YES_AGGRESSIVE;
				CLANG_CXX_LANGUAGE_STANDARD = "gnu++14";
				CLANG_CXX_LIBRARY = "libc++";
				CLANG_ENABLE_MODULES = YES;
				CLANG_ENABLE_OBJC_ARC = YES;
				CLANG_ENABLE_OBJC_WEAK = YES;
				CLANG_WARN_BLOCK_CAPTURE_AUTORELEASING = YES;
				CLANG_WARN_BOOL_CONVERSION = YES;
				CLANG_WARN_COMMA = YES;
				CLANG_WARN_CONSTANT_CONVERSION = YES;
				CLANG_WARN_DEPRECATED_OBJC_IMPLEMENTATIONS = YES;
				CLANG_WARN_DIRECT_OBJC_ISA_USAGE = YES_ERROR;
				CLANG_WARN_DOCUMENTATION_COMMENTS = YES;
				CLANG_WARN_EMPTY_BODY = YES;
				CLANG_WARN_ENUM_CONVERSION = YES;
				CLANG_WARN_INFINITE_RECURSION = YES;
				CLANG_WARN_INT_CONVERSION = YES;
				CLANG_WARN_NON_LITERAL_NULL_CONVERSION = YES;
				CLANG_WARN_OBJC_IMPLICIT_RETAIN_SELF = YES;
				CLANG_WARN_OBJC_LITERAL_CONVERSION = YES;
				CLANG_WARN_OBJC_ROOT_CLASS = YES_ERROR;
				CLANG_WARN_RANGE_LOOP_ANALYSIS = YES;
				CLANG_WARN_STRICT_PROTOTYPES = YES;
				CLANG_WARN_SUSPICIOUS_MOVE = YES;
				CLANG_WARN_UNGUARDED_AVAILABILITY = YES_AGGRESSIVE;
				CLANG_WARN_UNREACHABLE_CODE = YES;
				CLANG_WARN__DUPLICATE_METHOD_MATCH = YES;
				COPY_PHASE_STRIP = NO;
				DEBUG_INFORMATION_FORMAT = dwarf;
				ENABLE_STRICT_OBJC_MSGSEND = YES;
				ENABLE_TESTABILITY = YES;
				GCC_C_LANGUAGE_STANDARD = gnu11;
				GCC_DYNAMIC_NO_PIC = NO;
				GCC_NO_COMMON_BLOCKS = YES;
				GCC_OPTIMIZATION_LEVEL = 0;
				GCC_PREPROCESSOR_DEFINITIONS = (
					"DEBUG=1",
					"$(inherited)",
				);
				GCC_WARN_64_TO_32_BIT_CONVERSION = YES;
				GCC_WARN_ABOUT_RETURN_TYPE = YES_ERROR;
				GCC_WARN_UNDECLARED_SELECTOR = YES;
				GCC_WARN_UNINITIALIZED_AUTOS = YES_AGGRESSIVE;
				GCC_WARN_UNUSED_FUNCTION = YES;
				GCC_WARN_UNUSED_VARIABLE = YES;
				IPHONEOS_DEPLOYMENT_TARGET = 13.6;
				MTL_ENABLE_DEBUG_INFO = INCLUDE_SOURCE;
				MTL_FAST_MATH = YES;
				ONLY_ACTIVE_ARCH = YES;
				SDKROOT = iphoneos;
				SWIFT_ACTIVE_COMPILATION_CONDITIONS = DEBUG;
				SWIFT_OPTIMIZATION_LEVEL = "-Onone";
			};
			name = Debug;
		};
		B8B8F00924D4365600CEE8ED /* Release */ = {
			isa = XCBuildConfiguration;
			buildSettings = {
				ALWAYS_SEARCH_USER_PATHS = NO;
				CLANG_ANALYZER_NONNULL = YES;
				CLANG_ANALYZER_NUMBER_OBJECT_CONVERSION = YES_AGGRESSIVE;
				CLANG_CXX_LANGUAGE_STANDARD = "gnu++14";
				CLANG_CXX_LIBRARY = "libc++";
				CLANG_ENABLE_MODULES = YES;
				CLANG_ENABLE_OBJC_ARC = YES;
				CLANG_ENABLE_OBJC_WEAK = YES;
				CLANG_WARN_BLOCK_CAPTURE_AUTORELEASING = YES;
				CLANG_WARN_BOOL_CONVERSION = YES;
				CLANG_WARN_COMMA = YES;
				CLANG_WARN_CONSTANT_CONVERSION = YES;
				CLANG_WARN_DEPRECATED_OBJC_IMPLEMENTATIONS = YES;
				CLANG_WARN_DIRECT_OBJC_ISA_USAGE = YES_ERROR;
				CLANG_WARN_DOCUMENTATION_COMMENTS = YES;
				CLANG_WARN_EMPTY_BODY = YES;
				CLANG_WARN_ENUM_CONVERSION = YES;
				CLANG_WARN_INFINITE_RECURSION = YES;
				CLANG_WARN_INT_CONVERSION = YES;
				CLANG_WARN_NON_LITERAL_NULL_CONVERSION = YES;
				CLANG_WARN_OBJC_IMPLICIT_RETAIN_SELF = YES;
				CLANG_WARN_OBJC_LITERAL_CONVERSION = YES;
				CLANG_WARN_OBJC_ROOT_CLASS = YES_ERROR;
				CLANG_WARN_RANGE_LOOP_ANALYSIS = YES;
				CLANG_WARN_STRICT_PROTOTYPES = YES;
				CLANG_WARN_SUSPICIOUS_MOVE = YES;
				CLANG_WARN_UNGUARDED_AVAILABILITY = YES_AGGRESSIVE;
				CLANG_WARN_UNREACHABLE_CODE = YES;
				CLANG_WARN__DUPLICATE_METHOD_MATCH = YES;
				COPY_PHASE_STRIP = NO;
				DEBUG_INFORMATION_FORMAT = "dwarf-with-dsym";
				ENABLE_NS_ASSERTIONS = NO;
				ENABLE_STRICT_OBJC_MSGSEND = YES;
				GCC_C_LANGUAGE_STANDARD = gnu11;
				GCC_NO_COMMON_BLOCKS = YES;
				GCC_WARN_64_TO_32_BIT_CONVERSION = YES;
				GCC_WARN_ABOUT_RETURN_TYPE = YES_ERROR;
				GCC_WARN_UNDECLARED_SELECTOR = YES;
				GCC_WARN_UNINITIALIZED_AUTOS = YES_AGGRESSIVE;
				GCC_WARN_UNUSED_FUNCTION = YES;
				GCC_WARN_UNUSED_VARIABLE = YES;
				IPHONEOS_DEPLOYMENT_TARGET = 13.6;
				MTL_ENABLE_DEBUG_INFO = NO;
				MTL_FAST_MATH = YES;
				SDKROOT = iphoneos;
				SWIFT_COMPILATION_MODE = wholemodule;
				SWIFT_OPTIMIZATION_LEVEL = "-O";
				VALIDATE_PRODUCT = YES;
			};
			name = Release;
		};
		B8B8F00B24D4365600CEE8ED /* Debug */ = {
			isa = XCBuildConfiguration;
			buildSettings = {
				ASSETCATALOG_COMPILER_APPICON_NAME = AppIcon;
				CODE_SIGN_STYLE = Automatic;
				DEVELOPMENT_ASSET_PATHS = "\"TopBar/Preview Content\"";
				DEVELOPMENT_TEAM = 4438DCVBWY;
				ENABLE_PREVIEWS = YES;
				INFOPLIST_FILE = TopBar/Info.plist;
				LD_RUNPATH_SEARCH_PATHS = (
					"$(inherited)",
					"@executable_path/Frameworks",
				);
				PRODUCT_BUNDLE_IDENTIFIER = com.abdullah.TopBar;
				PRODUCT_NAME = "$(TARGET_NAME)";
				SWIFT_VERSION = 5.0;
				TARGETED_DEVICE_FAMILY = "1,2";
			};
			name = Debug;
		};
		B8B8F00C24D4365600CEE8ED /* Release */ = {
			isa = XCBuildConfiguration;
			buildSettings = {
				ASSETCATALOG_COMPILER_APPICON_NAME = AppIcon;
				CODE_SIGN_STYLE = Automatic;
				DEVELOPMENT_ASSET_PATHS = "\"TopBar/Preview Content\"";
				DEVELOPMENT_TEAM = 4438DCVBWY;
				ENABLE_PREVIEWS = YES;
				INFOPLIST_FILE = TopBar/Info.plist;
				LD_RUNPATH_SEARCH_PATHS = (
					"$(inherited)",
					"@executable_path/Frameworks",
				);
				PRODUCT_BUNDLE_IDENTIFIER = com.abdullah.TopBar;
				PRODUCT_NAME = "$(TARGET_NAME)";
				SWIFT_VERSION = 5.0;
				TARGETED_DEVICE_FAMILY = "1,2";
			};
			name = Release;
		};
/* End XCBuildConfiguration section */

/* Begin XCConfigurationList section */
		B8B8EFEE24D4365200CEE8ED /* Build configuration list for PBXProject "TopBar" */ = {
			isa = XCConfigurationList;
			buildConfigurations = (
				B8B8F00824D4365600CEE8ED /* Debug */,
				B8B8F00924D4365600CEE8ED /* Release */,
			);
			defaultConfigurationIsVisible = 0;
			defaultConfigurationName = Release;
		};
		B8B8F00A24D4365600CEE8ED /* Build configuration list for PBXNativeTarget "TopBar" */ = {
			isa = XCConfigurationList;
			buildConfigurations = (
				B8B8F00B24D4365600CEE8ED /* Debug */,
				B8B8F00C24D4365600CEE8ED /* Release */,
			);
			defaultConfigurationIsVisible = 0;
			defaultConfigurationName = Release;
		};
/* End XCConfigurationList section */

/* Begin XCVersionGroup section */
		B8B8EFFA24D4365200CEE8ED /* TopBar.xcdatamodeld */ = {
			isa = XCVersionGroup;
			children = (
				B8B8EFFB24D4365200CEE8ED /* TopBar.xcdatamodel */,
			);
			currentVersion = B8B8EFFB24D4365200CEE8ED /* TopBar.xcdatamodel */;
			path = TopBar.xcdatamodeld;
			sourceTree = "<group>";
			versionGroupType = wrapper.xcdatamodel;
		};
/* End XCVersionGroup section */
	};
	rootObject = B8B8EFEB24D4365200CEE8ED /* Project object */;
}
